// !$*UTF8*$!
{
	archiveVersion = 1;
	classes = {
	};
	objectVersion = 56;
	objects = {

/* Begin PBXBuildFile section */
		AC5546602CB564E500EB5FE0 /* AppDelegate.swift in Sources */ = {isa = PBXBuildFile; fileRef = AC55465F2CB564E500EB5FE0 /* AppDelegate.swift */; };
		AC5546622CB564E500EB5FE0 /* SceneDelegate.swift in Sources */ = {isa = PBXBuildFile; fileRef = AC5546612CB564E500EB5FE0 /* SceneDelegate.swift */; };
		AC5546642CB564E500EB5FE0 /* ViewController.swift in Sources */ = {isa = PBXBuildFile; fileRef = AC5546632CB564E500EB5FE0 /* ViewController.swift */; };
		AC5546672CB564E500EB5FE0 /* Base in Resources */ = {isa = PBXBuildFile; fileRef = AC5546662CB564E500EB5FE0 /* Base */; };
		AC5546692CB564E700EB5FE0 /* Assets.xcassets in Resources */ = {isa = PBXBuildFile; fileRef = AC5546682CB564E700EB5FE0 /* Assets.xcassets */; };
		AC55466C2CB564E700EB5FE0 /* Base in Resources */ = {isa = PBXBuildFile; fileRef = AC55466B2CB564E700EB5FE0 /* Base */; };
		AC5546772CB564E700EB5FE0 /* CounterAppTests.swift in Sources */ = {isa = PBXBuildFile; fileRef = AC5546762CB564E700EB5FE0 /* CounterAppTests.swift */; };
		AC5546812CB564E700EB5FE0 /* CounterAppUITests.swift in Sources */ = {isa = PBXBuildFile; fileRef = AC5546802CB564E700EB5FE0 /* CounterAppUITests.swift */; };
		AC5546832CB564E700EB5FE0 /* CounterAppUITestsLaunchTests.swift in Sources */ = {isa = PBXBuildFile; fileRef = AC5546822CB564E700EB5FE0 /* CounterAppUITestsLaunchTests.swift */; };
/* End PBXBuildFile section */

/* Begin PBXContainerItemProxy section */
		AC5546732CB564E700EB5FE0 /* PBXContainerItemProxy */ = {
			isa = PBXContainerItemProxy;
			containerPortal = AC5546542CB564E500EB5FE0 /* Project object */;
			proxyType = 1;
			remoteGlobalIDString = AC55465B2CB564E500EB5FE0;
			remoteInfo = CounterApp;
		};
		AC55467D2CB564E700EB5FE0 /* PBXContainerItemProxy */ = {
			isa = PBXContainerItemProxy;
			containerPortal = AC5546542CB564E500EB5FE0 /* Project object */;
			proxyType = 1;
			remoteGlobalIDString = AC55465B2CB564E500EB5FE0;
			remoteInfo = CounterApp;
		};
/* End PBXContainerItemProxy section */

/* Begin PBXFileReference section */
		AC55465C2CB564E500EB5FE0 /* CounterApp.app */ = {isa = PBXFileReference; explicitFileType = wrapper.application; includeInIndex = 0; path = CounterApp.app; sourceTree = BUILT_PRODUCTS_DIR; };
		AC55465F2CB564E500EB5FE0 /* AppDelegate.swift */ = {isa = PBXFileReference; lastKnownFileType = sourcecode.swift; path = AppDelegate.swift; sourceTree = "<group>"; };
		AC5546612CB564E500EB5FE0 /* SceneDelegate.swift */ = {isa = PBXFileReference; lastKnownFileType = sourcecode.swift; path = SceneDelegate.swift; sourceTree = "<group>"; };
		AC5546632CB564E500EB5FE0 /* ViewController.swift */ = {isa = PBXFileReference; lastKnownFileType = sourcecode.swift; path = ViewController.swift; sourceTree = "<group>"; };
		AC5546662CB564E500EB5FE0 /* Base */ = {isa = PBXFileReference; lastKnownFileType = file.storyboard; name = Base; path = Base.lproj/Main.storyboard; sourceTree = "<group>"; };
		AC5546682CB564E700EB5FE0 /* Assets.xcassets */ = {isa = PBXFileReference; lastKnownFileType = folder.assetcatalog; path = Assets.xcassets; sourceTree = "<group>"; };
		AC55466B2CB564E700EB5FE0 /* Base */ = {isa = PBXFileReference; lastKnownFileType = file.storyboard; name = Base; path = Base.lproj/LaunchScreen.storyboard; sourceTree = "<group>"; };
		AC55466D2CB564E700EB5FE0 /* Info.plist */ = {isa = PBXFileReference; lastKnownFileType = text.plist.xml; path = Info.plist; sourceTree = "<group>"; };
		AC5546722CB564E700EB5FE0 /* CounterAppTests.xctest */ = {isa = PBXFileReference; explicitFileType = wrapper.cfbundle; includeInIndex = 0; path = CounterAppTests.xctest; sourceTree = BUILT_PRODUCTS_DIR; };
		AC5546762CB564E700EB5FE0 /* CounterAppTests.swift */ = {isa = PBXFileReference; lastKnownFileType = sourcecode.swift; path = CounterAppTests.swift; sourceTree = "<group>"; };
		AC55467C2CB564E700EB5FE0 /* CounterAppUITests.xctest */ = {isa = PBXFileReference; explicitFileType = wrapper.cfbundle; includeInIndex = 0; path = CounterAppUITests.xctest; sourceTree = BUILT_PRODUCTS_DIR; };
		AC5546802CB564E700EB5FE0 /* CounterAppUITests.swift */ = {isa = PBXFileReference; lastKnownFileType = sourcecode.swift; path = CounterAppUITests.swift; sourceTree = "<group>"; };
		AC5546822CB564E700EB5FE0 /* CounterAppUITestsLaunchTests.swift */ = {isa = PBXFileReference; lastKnownFileType = sourcecode.swift; path = CounterAppUITestsLaunchTests.swift; sourceTree = "<group>"; };
/* End PBXFileReference section */

/* Begin PBXFrameworksBuildPhase section */
		AC5546592CB564E500EB5FE0 /* Frameworks */ = {
			isa = PBXFrameworksBuildPhase;
			buildActionMask = 2147483647;
			files = (
			);
			runOnlyForDeploymentPostprocessing = 0;
		};
		AC55466F2CB564E700EB5FE0 /* Frameworks */ = {
			isa = PBXFrameworksBuildPhase;
			buildActionMask = 2147483647;
			files = (
			);
			runOnlyForDeploymentPostprocessing = 0;
		};
		AC5546792CB564E700EB5FE0 /* Frameworks */ = {
			isa = PBXFrameworksBuildPhase;
			buildActionMask = 2147483647;
			files = (
			);
			runOnlyForDeploymentPostprocessing = 0;
		};
/* End PBXFrameworksBuildPhase section */

/* Begin PBXGroup section */
		AC5546532CB564E500EB5FE0 = {
			isa = PBXGroup;
			children = (
				AC55465E2CB564E500EB5FE0 /* CounterApp */,
				AC5546752CB564E700EB5FE0 /* CounterAppTests */,
				AC55467F2CB564E700EB5FE0 /* CounterAppUITests */,
				AC55465D2CB564E500EB5FE0 /* Products */,
			);
			sourceTree = "<group>";
		};
		AC55465D2CB564E500EB5FE0 /* Products */ = {
			isa = PBXGroup;
			children = (
				AC55465C2CB564E500EB5FE0 /* CounterApp.app */,
				AC5546722CB564E700EB5FE0 /* CounterAppTests.xctest */,
				AC55467C2CB564E700EB5FE0 /* CounterAppUITests.xctest */,
			);
			name = Products;
			sourceTree = "<group>";
		};
		AC55465E2CB564E500EB5FE0 /* CounterApp */ = {
			isa = PBXGroup;
			children = (
				AC55465F2CB564E500EB5FE0 /* AppDelegate.swift */,
				AC5546612CB564E500EB5FE0 /* SceneDelegate.swift */,
				AC5546632CB564E500EB5FE0 /* ViewController.swift */,
				AC5546652CB564E500EB5FE0 /* Main.storyboard */,
				AC5546682CB564E700EB5FE0 /* Assets.xcassets */,
				AC55466A2CB564E700EB5FE0 /* LaunchScreen.storyboard */,
				AC55466D2CB564E700EB5FE0 /* Info.plist */,
			);
			path = CounterApp;
			sourceTree = "<group>";
		};
		AC5546752CB564E700EB5FE0 /* CounterAppTests */ = {
			isa = PBXGroup;
			children = (
				AC5546762CB564E700EB5FE0 /* CounterAppTests.swift */,
			);
			path = CounterAppTests;
			sourceTree = "<group>";
		};
		AC55467F2CB564E700EB5FE0 /* CounterAppUITests */ = {
			isa = PBXGroup;
			children = (
				AC5546802CB564E700EB5FE0 /* CounterAppUITests.swift */,
				AC5546822CB564E700EB5FE0 /* CounterAppUITestsLaunchTests.swift */,
			);
			path = CounterAppUITests;
			sourceTree = "<group>";
		};
/* End PBXGroup section */

/* Begin PBXNativeTarget section */
		AC55465B2CB564E500EB5FE0 /* CounterApp */ = {
			isa = PBXNativeTarget;
			buildConfigurationList = AC5546862CB564E700EB5FE0 /* Build configuration list for PBXNativeTarget "CounterApp" */;
			buildPhases = (
				AC5546582CB564E500EB5FE0 /* Sources */,
				AC5546592CB564E500EB5FE0 /* Frameworks */,
				AC55465A2CB564E500EB5FE0 /* Resources */,
			);
			buildRules = (
			);
			dependencies = (
			);
			name = CounterApp;
			productName = CounterApp;
			productReference = AC55465C2CB564E500EB5FE0 /* CounterApp.app */;
			productType = "com.apple.product-type.application";
		};
		AC5546712CB564E700EB5FE0 /* CounterAppTests */ = {
			isa = PBXNativeTarget;
			buildConfigurationList = AC5546892CB564E700EB5FE0 /* Build configuration list for PBXNativeTarget "CounterAppTests" */;
			buildPhases = (
				AC55466E2CB564E700EB5FE0 /* Sources */,
				AC55466F2CB564E700EB5FE0 /* Frameworks */,
				AC5546702CB564E700EB5FE0 /* Resources */,
			);
			buildRules = (
			);
			dependencies = (
				AC5546742CB564E700EB5FE0 /* PBXTargetDependency */,
			);
			name = CounterAppTests;
			productName = CounterAppTests;
			productReference = AC5546722CB564E700EB5FE0 /* CounterAppTests.xctest */;
			productType = "com.apple.product-type.bundle.unit-test";
		};
		AC55467B2CB564E700EB5FE0 /* CounterAppUITests */ = {
			isa = PBXNativeTarget;
			buildConfigurationList = AC55468C2CB564E700EB5FE0 /* Build configuration list for PBXNativeTarget "CounterAppUITests" */;
			buildPhases = (
				AC5546782CB564E700EB5FE0 /* Sources */,
				AC5546792CB564E700EB5FE0 /* Frameworks */,
				AC55467A2CB564E700EB5FE0 /* Resources */,
			);
			buildRules = (
			);
			dependencies = (
				AC55467E2CB564E700EB5FE0 /* PBXTargetDependency */,
			);
			name = CounterAppUITests;
			productName = CounterAppUITests;
			productReference = AC55467C2CB564E700EB5FE0 /* CounterAppUITests.xctest */;
			productType = "com.apple.product-type.bundle.ui-testing";
		};
/* End PBXNativeTarget section */

/* Begin PBXProject section */
		AC5546542CB564E500EB5FE0 /* Project object */ = {
			isa = PBXProject;
			attributes = {
				BuildIndependentTargetsInParallel = 1;
				LastSwiftUpdateCheck = 1540;
				LastUpgradeCheck = 1540;
				TargetAttributes = {
					AC55465B2CB564E500EB5FE0 = {
						CreatedOnToolsVersion = 15.4;
					};
					AC5546712CB564E700EB5FE0 = {
						CreatedOnToolsVersion = 15.4;
						TestTargetID = AC55465B2CB564E500EB5FE0;
					};
					AC55467B2CB564E700EB5FE0 = {
						CreatedOnToolsVersion = 15.4;
						TestTargetID = AC55465B2CB564E500EB5FE0;
					};
				};
			};
			buildConfigurationList = AC5546572CB564E500EB5FE0 /* Build configuration list for PBXProject "CounterApp" */;
			compatibilityVersion = "Xcode 14.0";
			developmentRegion = en;
			hasScannedForEncodings = 0;
			knownRegions = (
				en,
				Base,
			);
			mainGroup = AC5546532CB564E500EB5FE0;
			productRefGroup = AC55465D2CB564E500EB5FE0 /* Products */;
			projectDirPath = "";
			projectRoot = "";
			targets = (
				AC55465B2CB564E500EB5FE0 /* CounterApp */,
				AC5546712CB564E700EB5FE0 /* CounterAppTests */,
				AC55467B2CB564E700EB5FE0 /* CounterAppUITests */,
			);
		};
/* End PBXProject section */

/* Begin PBXResourcesBuildPhase section */
		AC55465A2CB564E500EB5FE0 /* Resources */ = {
			isa = PBXResourcesBuildPhase;
			buildActionMask = 2147483647;
			files = (
				AC5546692CB564E700EB5FE0 /* Assets.xcassets in Resources */,
				AC55466C2CB564E700EB5FE0 /* Base in Resources */,
				AC5546672CB564E500EB5FE0 /* Base in Resources */,
			);
			runOnlyForDeploymentPostprocessing = 0;
		};
		AC5546702CB564E700EB5FE0 /* Resources */ = {
			isa = PBXResourcesBuildPhase;
			buildActionMask = 2147483647;
			files = (
			);
			runOnlyForDeploymentPostprocessing = 0;
		};
		AC55467A2CB564E700EB5FE0 /* Resources */ = {
			isa = PBXResourcesBuildPhase;
			buildActionMask = 2147483647;
			files = (
			);
			runOnlyForDeploymentPostprocessing = 0;
		};
/* End PBXResourcesBuildPhase section */

/* Begin PBXSourcesBuildPhase section */
		AC5546582CB564E500EB5FE0 /* Sources */ = {
			isa = PBXSourcesBuildPhase;
			buildActionMask = 2147483647;
			files = (
				AC5546642CB564E500EB5FE0 /* ViewController.swift in Sources */,
				AC5546602CB564E500EB5FE0 /* AppDelegate.swift in Sources */,
				AC5546622CB564E500EB5FE0 /* SceneDelegate.swift in Sources */,
			);
			runOnlyForDeploymentPostprocessing = 0;
		};
		AC55466E2CB564E700EB5FE0 /* Sources */ = {
			isa = PBXSourcesBuildPhase;
			buildActionMask = 2147483647;
			files = (
				AC5546772CB564E700EB5FE0 /* CounterAppTests.swift in Sources */,
			);
			runOnlyForDeploymentPostprocessing = 0;
		};
		AC5546782CB564E700EB5FE0 /* Sources */ = {
			isa = PBXSourcesBuildPhase;
			buildActionMask = 2147483647;
			files = (
				AC5546812CB564E700EB5FE0 /* CounterAppUITests.swift in Sources */,
				AC5546832CB564E700EB5FE0 /* CounterAppUITestsLaunchTests.swift in Sources */,
			);
			runOnlyForDeploymentPostprocessing = 0;
		};
/* End PBXSourcesBuildPhase section */

/* Begin PBXTargetDependency section */
		AC5546742CB564E700EB5FE0 /* PBXTargetDependency */ = {
			isa = PBXTargetDependency;
			target = AC55465B2CB564E500EB5FE0 /* CounterApp */;
			targetProxy = AC5546732CB564E700EB5FE0 /* PBXContainerItemProxy */;
		};
		AC55467E2CB564E700EB5FE0 /* PBXTargetDependency */ = {
			isa = PBXTargetDependency;
			target = AC55465B2CB564E500EB5FE0 /* CounterApp */;
			targetProxy = AC55467D2CB564E700EB5FE0 /* PBXContainerItemProxy */;
		};
/* End PBXTargetDependency section */

/* Begin PBXVariantGroup section */
		AC5546652CB564E500EB5FE0 /* Main.storyboard */ = {
			isa = PBXVariantGroup;
			children = (
				AC5546662CB564E500EB5FE0 /* Base */,
			);
			name = Main.storyboard;
			sourceTree = "<group>";
		};
		AC55466A2CB564E700EB5FE0 /* LaunchScreen.storyboard */ = {
			isa = PBXVariantGroup;
			children = (
				AC55466B2CB564E700EB5FE0 /* Base */,
			);
			name = LaunchScreen.storyboard;
			sourceTree = "<group>";
		};
/* End PBXVariantGroup section */

/* Begin XCBuildConfiguration section */
		AC5546842CB564E700EB5FE0 /* Debug */ = {
			isa = XCBuildConfiguration;
			buildSettings = {
				ALWAYS_SEARCH_USER_PATHS = NO;
				ASSETCATALOG_COMPILER_GENERATE_SWIFT_ASSET_SYMBOL_EXTENSIONS = YES;
				CLANG_ANALYZER_NONNULL = YES;
				CLANG_ANALYZER_NUMBER_OBJECT_CONVERSION = YES_AGGRESSIVE;
				CLANG_CXX_LANGUAGE_STANDARD = "gnu++20";
				CLANG_ENABLE_MODULES = YES;
				CLANG_ENABLE_OBJC_ARC = YES;
				CLANG_ENABLE_OBJC_WEAK = YES;
				CLANG_WARN_BLOCK_CAPTURE_AUTORELEASING = YES;
				CLANG_WARN_BOOL_CONVERSION = YES;
				CLANG_WARN_COMMA = YES;
				CLANG_WARN_CONSTANT_CONVERSION = YES;
				CLANG_WARN_DEPRECATED_OBJC_IMPLEMENTATIONS = YES;
				CLANG_WARN_DIRECT_OBJC_ISA_USAGE = YES_ERROR;
				CLANG_WARN_DOCUMENTATION_COMMENTS = YES;
				CLANG_WARN_EMPTY_BODY = YES;
				CLANG_WARN_ENUM_CONVERSION = YES;
				CLANG_WARN_INFINITE_RECURSION = YES;
				CLANG_WARN_INT_CONVERSION = YES;
				CLANG_WARN_NON_LITERAL_NULL_CONVERSION = YES;
				CLANG_WARN_OBJC_IMPLICIT_RETAIN_SELF = YES;
				CLANG_WARN_OBJC_LITERAL_CONVERSION = YES;
				CLANG_WARN_OBJC_ROOT_CLASS = YES_ERROR;
				CLANG_WARN_QUOTED_INCLUDE_IN_FRAMEWORK_HEADER = YES;
				CLANG_WARN_RANGE_LOOP_ANALYSIS = YES;
				CLANG_WARN_STRICT_PROTOTYPES = YES;
				CLANG_WARN_SUSPICIOUS_MOVE = YES;
				CLANG_WARN_UNGUARDED_AVAILABILITY = YES_AGGRESSIVE;
				CLANG_WARN_UNREACHABLE_CODE = YES;
				CLANG_WARN__DUPLICATE_METHOD_MATCH = YES;
				COPY_PHASE_STRIP = NO;
				DEBUG_INFORMATION_FORMAT = dwarf;
				ENABLE_STRICT_OBJC_MSGSEND = YES;
				ENABLE_TESTABILITY = YES;
				ENABLE_USER_SCRIPT_SANDBOXING = YES;
				GCC_C_LANGUAGE_STANDARD = gnu17;
				GCC_DYNAMIC_NO_PIC = NO;
				GCC_NO_COMMON_BLOCKS = YES;
				GCC_OPTIMIZATION_LEVEL = 0;
				GCC_PREPROCESSOR_DEFINITIONS = (
					"DEBUG=1",
					"$(inherited)",
				);
				GCC_WARN_64_TO_32_BIT_CONVERSION = YES;
				GCC_WARN_ABOUT_RETURN_TYPE = YES_ERROR;
				GCC_WARN_UNDECLARED_SELECTOR = YES;
				GCC_WARN_UNINITIALIZED_AUTOS = YES_AGGRESSIVE;
				GCC_WARN_UNUSED_FUNCTION = YES;
				GCC_WARN_UNUSED_VARIABLE = YES;
				IPHONEOS_DEPLOYMENT_TARGET = 17.5;
				LOCALIZATION_PREFERS_STRING_CATALOGS = YES;
				MTL_ENABLE_DEBUG_INFO = INCLUDE_SOURCE;
				MTL_FAST_MATH = YES;
				ONLY_ACTIVE_ARCH = YES;
				SDKROOT = iphoneos;
				SWIFT_ACTIVE_COMPILATION_CONDITIONS = "DEBUG $(inherited)";
				SWIFT_OPTIMIZATION_LEVEL = "-Onone";
			};
			name = Debug;
		};
		AC5546852CB564E700EB5FE0 /* Release */ = {
			isa = XCBuildConfiguration;
			buildSettings = {
				ALWAYS_SEARCH_USER_PATHS = NO;
				ASSETCATALOG_COMPILER_GENERATE_SWIFT_ASSET_SYMBOL_EXTENSIONS = YES;
				CLANG_ANALYZER_NONNULL = YES;
				CLANG_ANALYZER_NUMBER_OBJECT_CONVERSION = YES_AGGRESSIVE;
				CLANG_CXX_LANGUAGE_STANDARD = "gnu++20";
				CLANG_ENABLE_MODULES = YES;
				CLANG_ENABLE_OBJC_ARC = YES;
				CLANG_ENABLE_OBJC_WEAK = YES;
				CLANG_WARN_BLOCK_CAPTURE_AUTORELEASING = YES;
				CLANG_WARN_BOOL_CONVERSION = YES;
				CLANG_WARN_COMMA = YES;
				CLANG_WARN_CONSTANT_CONVERSION = YES;
				CLANG_WARN_DEPRECATED_OBJC_IMPLEMENTATIONS = YES;
				CLANG_WARN_DIRECT_OBJC_ISA_USAGE = YES_ERROR;
				CLANG_WARN_DOCUMENTATION_COMMENTS = YES;
				CLANG_WARN_EMPTY_BODY = YES;
				CLANG_WARN_ENUM_CONVERSION = YES;
				CLANG_WARN_INFINITE_RECURSION = YES;
				CLANG_WARN_INT_CONVERSION = YES;
				CLANG_WARN_NON_LITERAL_NULL_CONVERSION = YES;
				CLANG_WARN_OBJC_IMPLICIT_RETAIN_SELF = YES;
				CLANG_WARN_OBJC_LITERAL_CONVERSION = YES;
				CLANG_WARN_OBJC_ROOT_CLASS = YES_ERROR;
				CLANG_WARN_QUOTED_INCLUDE_IN_FRAMEWORK_HEADER = YES;
				CLANG_WARN_RANGE_LOOP_ANALYSIS = YES;
				CLANG_WARN_STRICT_PROTOTYPES = YES;
				CLANG_WARN_SUSPICIOUS_MOVE = YES;
				CLANG_WARN_UNGUARDED_AVAILABILITY = YES_AGGRESSIVE;
				CLANG_WARN_UNREACHABLE_CODE = YES;
				CLANG_WARN__DUPLICATE_METHOD_MATCH = YES;
				COPY_PHASE_STRIP = NO;
				DEBUG_INFORMATION_FORMAT = "dwarf-with-dsym";
				ENABLE_NS_ASSERTIONS = NO;
				ENABLE_STRICT_OBJC_MSGSEND = YES;
				ENABLE_USER_SCRIPT_SANDBOXING = YES;
				GCC_C_LANGUAGE_STANDARD = gnu17;
				GCC_NO_COMMON_BLOCKS = YES;
				GCC_WARN_64_TO_32_BIT_CONVERSION = YES;
				GCC_WARN_ABOUT_RETURN_TYPE = YES_ERROR;
				GCC_WARN_UNDECLARED_SELECTOR = YES;
				GCC_WARN_UNINITIALIZED_AUTOS = YES_AGGRESSIVE;
				GCC_WARN_UNUSED_FUNCTION = YES;
				GCC_WARN_UNUSED_VARIABLE = YES;
				IPHONEOS_DEPLOYMENT_TARGET = 17.5;
				LOCALIZATION_PREFERS_STRING_CATALOGS = YES;
				MTL_ENABLE_DEBUG_INFO = NO;
				MTL_FAST_MATH = YES;
				SDKROOT = iphoneos;
				SWIFT_COMPILATION_MODE = wholemodule;
				VALIDATE_PRODUCT = YES;
			};
			name = Release;
		};
		AC5546872CB564E700EB5FE0 /* Debug */ = {
			isa = XCBuildConfiguration;
			buildSettings = {
				ASSETCATALOG_COMPILER_APPICON_NAME = AppIcon;
				ASSETCATALOG_COMPILER_GLOBAL_ACCENT_COLOR_NAME = AccentColor;
				CODE_SIGN_STYLE = Automatic;
				CURRENT_PROJECT_VERSION = 1;
				GENERATE_INFOPLIST_FILE = YES;
				INFOPLIST_FILE = CounterApp/Info.plist;
				INFOPLIST_KEY_UIApplicationSupportsIndirectInputEvents = YES;
				INFOPLIST_KEY_UILaunchStoryboardName = LaunchScreen;
				INFOPLIST_KEY_UIMainStoryboardFile = Main;
				INFOPLIST_KEY_UISupportedInterfaceOrientations_iPad = "UIInterfaceOrientationPortrait UIInterfaceOrientationPortraitUpsideDown UIInterfaceOrientationLandscapeLeft UIInterfaceOrientationLandscapeRight";
				INFOPLIST_KEY_UISupportedInterfaceOrientations_iPhone = "UIInterfaceOrientationPortrait UIInterfaceOrientationLandscapeLeft UIInterfaceOrientationLandscapeRight";
				LD_RUNPATH_SEARCH_PATHS = (
					"$(inherited)",
					"@executable_path/Frameworks",
				);
				MARKETING_VERSION = 1.0;
				PRODUCT_BUNDLE_IDENTIFIER = Test.CounterApp;
				PRODUCT_NAME = "$(TARGET_NAME)";
				SWIFT_EMIT_LOC_STRINGS = YES;
				SWIFT_VERSION = 5.0;
				TARGETED_DEVICE_FAMILY = "1,2";
			};
			name = Debug;
		};
		AC5546882CB564E700EB5FE0 /* Release */ = {
			isa = XCBuildConfiguration;
			buildSettings = {
				ASSETCATALOG_COMPILER_APPICON_NAME = AppIcon;
				ASSETCATALOG_COMPILER_GLOBAL_ACCENT_COLOR_NAME = AccentColor;
				CODE_SIGN_STYLE = Automatic;
				CURRENT_PROJECT_VERSION = 1;
				GENERATE_INFOPLIST_FILE = YES;
				INFOPLIST_FILE = CounterApp/Info.plist;
				INFOPLIST_KEY_UIApplicationSupportsIndirectInputEvents = YES;
				INFOPLIST_KEY_UILaunchStoryboardName = LaunchScreen;
				INFOPLIST_KEY_UIMainStoryboardFile = Main;
				INFOPLIST_KEY_UISupportedInterfaceOrientations_iPad = "UIInterfaceOrientationPortrait UIInterfaceOrientationPortraitUpsideDown UIInterfaceOrientationLandscapeLeft UIInterfaceOrientationLandscapeRight";
				INFOPLIST_KEY_UISupportedInterfaceOrientations_iPhone = "UIInterfaceOrientationPortrait UIInterfaceOrientationLandscapeLeft UIInterfaceOrientationLandscapeRight";
				LD_RUNPATH_SEARCH_PATHS = (
					"$(inherited)",
					"@executable_path/Frameworks",
				);
				MARKETING_VERSION = 1.0;
				PRODUCT_BUNDLE_IDENTIFIER = Test.CounterApp;
				PRODUCT_NAME = "$(TARGET_NAME)";
				SWIFT_EMIT_LOC_STRINGS = YES;
				SWIFT_VERSION = 5.0;
				TARGETED_DEVICE_FAMILY = "1,2";
			};
			name = Release;
		};
		AC55468A2CB564E700EB5FE0 /* Debug */ = {
			isa = XCBuildConfiguration;
			buildSettings = {
				ALWAYS_EMBED_SWIFT_STANDARD_LIBRARIES = YES;
				BUNDLE_LOADER = "$(TEST_HOST)";
				CODE_SIGN_STYLE = Automatic;
				CURRENT_PROJECT_VERSION = 1;
				GENERATE_INFOPLIST_FILE = YES;
				IPHONEOS_DEPLOYMENT_TARGET = 17.5;
				MARKETING_VERSION = 1.0;
				PRODUCT_BUNDLE_IDENTIFIER = Test.CounterAppTests;
				PRODUCT_NAME = "$(TARGET_NAME)";
				SWIFT_EMIT_LOC_STRINGS = NO;
				SWIFT_VERSION = 5.0;
				TARGETED_DEVICE_FAMILY = "1,2";
				TEST_HOST = "$(BUILT_PRODUCTS_DIR)/CounterApp.app/$(BUNDLE_EXECUTABLE_FOLDER_PATH)/CounterApp";
			};
			name = Debug;
		};
		AC55468B2CB564E700EB5FE0 /* Release */ = {
			isa = XCBuildConfiguration;
			buildSettings = {
				ALWAYS_EMBED_SWIFT_STANDARD_LIBRARIES = YES;
				BUNDLE_LOADER = "$(TEST_HOST)";
				CODE_SIGN_STYLE = Automatic;
				CURRENT_PROJECT_VERSION = 1;
				GENERATE_INFOPLIST_FILE = YES;
				IPHONEOS_DEPLOYMENT_TARGET = 17.5;
				MARKETING_VERSION = 1.0;
				PRODUCT_BUNDLE_IDENTIFIER = Test.CounterAppTests;
				PRODUCT_NAME = "$(TARGET_NAME)";
				SWIFT_EMIT_LOC_STRINGS = NO;
				SWIFT_VERSION = 5.0;
				TARGETED_DEVICE_FAMILY = "1,2";
				TEST_HOST = "$(BUILT_PRODUCTS_DIR)/CounterApp.app/$(BUNDLE_EXECUTABLE_FOLDER_PATH)/CounterApp";
			};
			name = Release;
		};
		AC55468D2CB564E700EB5FE0 /* Debug */ = {
			isa = XCBuildConfiguration;
			buildSettings = {
				ALWAYS_EMBED_SWIFT_STANDARD_LIBRARIES = YES;
				CODE_SIGN_STYLE = Automatic;
				CURRENT_PROJECT_VERSION = 1;
				GENERATE_INFOPLIST_FILE = YES;
				MARKETING_VERSION = 1.0;
				PRODUCT_BUNDLE_IDENTIFIER = Test.CounterAppUITests;
				PRODUCT_NAME = "$(TARGET_NAME)";
				SWIFT_EMIT_LOC_STRINGS = NO;
				SWIFT_VERSION = 5.0;
				TARGETED_DEVICE_FAMILY = "1,2";
				TEST_TARGET_NAME = CounterApp;
			};
			name = Debug;
		};
		AC55468E2CB564E700EB5FE0 /* Release */ = {
			isa = XCBuildConfiguration;
			buildSettings = {
				ALWAYS_EMBED_SWIFT_STANDARD_LIBRARIES = YES;
				CODE_SIGN_STYLE = Automatic;
				CURRENT_PROJECT_VERSION = 1;
				GENERATE_INFOPLIST_FILE = YES;
				MARKETING_VERSION = 1.0;
				PRODUCT_BUNDLE_IDENTIFIER = Test.CounterAppUITests;
				PRODUCT_NAME = "$(TARGET_NAME)";
				SWIFT_EMIT_LOC_STRINGS = NO;
				SWIFT_VERSION = 5.0;
				TARGETED_DEVICE_FAMILY = "1,2";
				TEST_TARGET_NAME = CounterApp;
			};
			name = Release;
		};
/* End XCBuildConfiguration section */

/* Begin XCConfigurationList section */
		AC5546572CB564E500EB5FE0 /* Build configuration list for PBXProject "CounterApp" */ = {
			isa = XCConfigurationList;
			buildConfigurations = (
				AC5546842CB564E700EB5FE0 /* Debug */,
				AC5546852CB564E700EB5FE0 /* Release */,
			);
			defaultConfigurationIsVisible = 0;
			defaultConfigurationName = Release;
		};
		AC5546862CB564E700EB5FE0 /* Build configuration list for PBXNativeTarget "CounterApp" */ = {
			isa = XCConfigurationList;
			buildConfigurations = (
				AC5546872CB564E700EB5FE0 /* Debug */,
				AC5546882CB564E700EB5FE0 /* Release */,
			);
			defaultConfigurationIsVisible = 0;
			defaultConfigurationName = Release;
		};
		AC5546892CB564E700EB5FE0 /* Build configuration list for PBXNativeTarget "CounterAppTests" */ = {
			isa = XCConfigurationList;
			buildConfigurations = (
				AC55468A2CB564E700EB5FE0 /* Debug */,
				AC55468B2CB564E700EB5FE0 /* Release */,
			);
			defaultConfigurationIsVisible = 0;
			defaultConfigurationName = Release;
		};
		AC55468C2CB564E700EB5FE0 /* Build configuration list for PBXNativeTarget "CounterAppUITests" */ = {
			isa = XCConfigurationList;
			buildConfigurations = (
				AC55468D2CB564E700EB5FE0 /* Debug */,
				AC55468E2CB564E700EB5FE0 /* Release */,
			);
			defaultConfigurationIsVisible = 0;
			defaultConfigurationName = Release;
		};
/* End XCConfigurationList section */
	};
	rootObject = AC5546542CB564E500EB5FE0 /* Project object */;
}
